
Microsoft Visual Studio Solution File, Format Version 12.00
# Visual Studio Version 17
VisualStudioVersion = 17.3.32811.315
MinimumVisualStudioVersion = 10.0.40219.1
Project("{FAE04EC0-301F-11D3-BF4B-00C04F79EFBC}") = "Api", "Api.csproj", "{D1CA058E-DDD1-494C-AF45-A723A61B516F}"
EndProject
Global
	GlobalSection(SolutionConfigurationPlatforms) = preSolution
		Debug|Any CPU = Debug|Any CPU
		Release|Any CPU = Release|Any CPU
	EndGlobalSection
	GlobalSection(ProjectConfigurationPlatforms) = postSolution
		{D1CA058E-DDD1-494C-AF45-A723A61B516F}.Debug|Any CPU.ActiveCfg = Debug|Any CPU
		{D1CA058E-DDD1-494C-AF45-A723A61B516F}.Debug|Any CPU.Build.0 = Debug|Any CPU
		{D1CA058E-DDD1-494C-AF45-A723A61B516F}.Release|Any CPU.ActiveCfg = Release|Any CPU
		{D1CA058E-DDD1-494C-AF45-A723A61B516F}.Release|Any CPU.Build.0 = Release|Any CPU
	EndGlobalSection
	GlobalSection(SolutionProperties) = preSolution
		HideSolutionNode = FALSE
	EndGlobalSection
	GlobalSection(ExtensibilityGlobals) = postSolution
		SolutionGuid = {2D357DCD-4F86-4153-8D2F-AB2EE520EE32}
	EndGlobalSection
EndGlobal
